
Microsoft Visual Studio Solution File, Format Version 12.00
# Visual Studio Version 16
VisualStudioVersion = 16.0.31613.86
MinimumVisualStudioVersion = 10.0.40219.1
Project("{FAE04EC0-301F-11D3-BF4B-00C04F79EFBC}") = "WebApiComDocker", "WebApiComDocker\WebApiComDocker.csproj", "{B8087A86-9E55-47FD-AC99-26D3A56D1FF1}"
EndProject
Project("{E53339B2-1760-4266-BCC7-CA923CBCF16C}") = "docker-compose", "docker-compose.dcproj", "{C5D8A6F7-571D-4BD7-8949-429E446EE22C}"
EndProject
Global
	GlobalSection(SolutionConfigurationPlatforms) = preSolution
		Debug|Any CPU = Debug|Any CPU
		Release|Any CPU = Release|Any CPU
	EndGlobalSection
	GlobalSection(ProjectConfigurationPlatforms) = postSolution
		{B8087A86-9E55-47FD-AC99-26D3A56D1FF1}.Debug|Any CPU.ActiveCfg = Debug|Any CPU
		{B8087A86-9E55-47FD-AC99-26D3A56D1FF1}.Debug|Any CPU.Build.0 = Debug|Any CPU
		{B8087A86-9E55-47FD-AC99-26D3A56D1FF1}.Release|Any CPU.ActiveCfg = Release|Any CPU
		{B8087A86-9E55-47FD-AC99-26D3A56D1FF1}.Release|Any CPU.Build.0 = Release|Any CPU
		{C5D8A6F7-571D-4BD7-8949-429E446EE22C}.Debug|Any CPU.ActiveCfg = Debug|Any CPU
		{C5D8A6F7-571D-4BD7-8949-429E446EE22C}.Debug|Any CPU.Build.0 = Debug|Any CPU
		{C5D8A6F7-571D-4BD7-8949-429E446EE22C}.Release|Any CPU.ActiveCfg = Release|Any CPU
		{C5D8A6F7-571D-4BD7-8949-429E446EE22C}.Release|Any CPU.Build.0 = Release|Any CPU
	EndGlobalSection
	GlobalSection(SolutionProperties) = preSolution
		HideSolutionNode = FALSE
	EndGlobalSection
	GlobalSection(ExtensibilityGlobals) = postSolution
		SolutionGuid = {AE54057F-F53B-4138-9E52-8DE006B6410B}
	EndGlobalSection
EndGlobal
